
Microsoft Visual Studio Solution File, Format Version 12.00
# Visual Studio Version 17
VisualStudioVersion = 17.3.32825.248
MinimumVisualStudioVersion = 10.0.40219.1
Project("{FAE04EC0-301F-11D3-BF4B-00C04F79EFBC}") = "DeclareAddress", "DeclareAddress\DeclareAddress.csproj", "{3C12022B-04AA-4900-9640-CF67F78F7206}"
EndProject
Project("{FAE04EC0-301F-11D3-BF4B-00C04F79EFBC}") = "DeclareTelephone", "DeclareTelephone\DeclareTelephone.csproj", "{373E70E5-C5FB-46A3-BCBE-054B22F2F9C3}"
EndProject
Project("{FAE04EC0-301F-11D3-BF4B-00C04F79EFBC}") = "DeclareMember", "DeclareMember\DeclareMember.csproj", "{BC643DA4-4AEE-4CDD-B76F-CB422C3CD50A}"
EndProject
Global
	GlobalSection(SolutionConfigurationPlatforms) = preSolution
		Debug|Any CPU = Debug|Any CPU
		Release|Any CPU = Release|Any CPU
	EndGlobalSection
	GlobalSection(ProjectConfigurationPlatforms) = postSolution
		{3C12022B-04AA-4900-9640-CF67F78F7206}.Debug|Any CPU.ActiveCfg = Debug|Any CPU
		{3C12022B-04AA-4900-9640-CF67F78F7206}.Debug|Any CPU.Build.0 = Debug|Any CPU
		{3C12022B-04AA-4900-9640-CF67F78F7206}.Release|Any CPU.ActiveCfg = Release|Any CPU
		{3C12022B-04AA-4900-9640-CF67F78F7206}.Release|Any CPU.Build.0 = Release|Any CPU
		{373E70E5-C5FB-46A3-BCBE-054B22F2F9C3}.Debug|Any CPU.ActiveCfg = Debug|Any CPU
		{373E70E5-C5FB-46A3-BCBE-054B22F2F9C3}.Debug|Any CPU.Build.0 = Debug|Any CPU
		{373E70E5-C5FB-46A3-BCBE-054B22F2F9C3}.Release|Any CPU.ActiveCfg = Release|Any CPU
		{373E70E5-C5FB-46A3-BCBE-054B22F2F9C3}.Release|Any CPU.Build.0 = Release|Any CPU
		{BC643DA4-4AEE-4CDD-B76F-CB422C3CD50A}.Debug|Any CPU.ActiveCfg = Debug|Any CPU
		{BC643DA4-4AEE-4CDD-B76F-CB422C3CD50A}.Debug|Any CPU.Build.0 = Debug|Any CPU
		{BC643DA4-4AEE-4CDD-B76F-CB422C3CD50A}.Release|Any CPU.ActiveCfg = Release|Any CPU
		{BC643DA4-4AEE-4CDD-B76F-CB422C3CD50A}.Release|Any CPU.Build.0 = Release|Any CPU
	EndGlobalSection
	GlobalSection(SolutionProperties) = preSolution
		HideSolutionNode = FALSE
	EndGlobalSection
	GlobalSection(ExtensibilityGlobals) = postSolution
		SolutionGuid = {581DF8B7-F2A2-4E11-B00C-CF2CC10BCC2D}
	EndGlobalSection
EndGlobal
